
Microsoft Visual Studio Solution File, Format Version 12.00
# Visual Studio Version 17
VisualStudioVersion = 17.10.35013.160
MinimumVisualStudioVersion = 10.0.40219.1
Project("{FAE04EC0-301F-11D3-BF4B-00C04F79EFBC}") = "find the unique element", "find the unique element.csproj", "{3DDECEAC-F357-4F7C-9CBB-75A3103F7DCB}"
EndProject
Global
	GlobalSection(SolutionConfigurationPlatforms) = preSolution
		Debug|Any CPU = Debug|Any CPU
		Release|Any CPU = Release|Any CPU
	EndGlobalSection
	GlobalSection(ProjectConfigurationPlatforms) = postSolution
		{3DDECEAC-F357-4F7C-9CBB-75A3103F7DCB}.Debug|Any CPU.ActiveCfg = Debug|Any CPU
		{3DDECEAC-F357-4F7C-9CBB-75A3103F7DCB}.Debug|Any CPU.Build.0 = Debug|Any CPU
		{3DDECEAC-F357-4F7C-9CBB-75A3103F7DCB}.Release|Any CPU.ActiveCfg = Release|Any CPU
		{3DDECEAC-F357-4F7C-9CBB-75A3103F7DCB}.Release|Any CPU.Build.0 = Release|Any CPU
	EndGlobalSection
	GlobalSection(SolutionProperties) = preSolution
		HideSolutionNode = FALSE
	EndGlobalSection
	GlobalSection(ExtensibilityGlobals) = postSolution
		SolutionGuid = {7E465910-5CDE-483E-BD3B-72F54274824A}
	EndGlobalSection
EndGlobal
